
Microsoft Visual Studio Solution File, Format Version 12.00
# Visual Studio Version 17
VisualStudioVersion = 17.9.34622.214
MinimumVisualStudioVersion = 10.0.40219.1
Project("{2150E333-8FDC-42A3-9474-1A3956D46DE8}") = "Problem-8", "Problem-8", "{36F33F72-ACE4-4CFA-BB18-94D4D3CC39B2}"
EndProject
Project("{9A19103F-16F7-4668-BE54-9A1E7A4F7556}") = "LongestProductInSeries", "LongestProductInSeries\LongestProductInSeries.csproj", "{F6B425ED-D6CD-42F1-B18E-8DC37572DD1A}"
EndProject
Project("{2150E333-8FDC-42A3-9474-1A3956D46DE8}") = "Solution Items", "Solution Items", "{89DA2A45-073E-4B86-B4B1-90FF3357F496}"
	ProjectSection(SolutionItems) = preProject
		Readme.md = Readme.md
	EndProjectSection
EndProject
Project("{2150E333-8FDC-42A3-9474-1A3956D46DE8}") = "Problem-9", "Problem-9", "{F428B2A2-8831-4AA8-80B4-556D1E627B06}"
EndProject
Project("{9A19103F-16F7-4668-BE54-9A1E7A4F7556}") = "SpecialPythagoreanTriplet", "SpecialPythagoreanTriplet\SpecialPythagoreanTriplet.csproj", "{CE34ECA3-1B17-42F9-9D3F-0707564A9994}"
EndProject
Project("{2150E333-8FDC-42A3-9474-1A3956D46DE8}") = "Problem-10", "Problem-10", "{F8901761-63B1-44F9-AB3C-D5C162F492FA}"
EndProject
Project("{9A19103F-16F7-4668-BE54-9A1E7A4F7556}") = "SummationofPrimes", "SummationofPrimes\SummationofPrimes.csproj", "{7164B509-27E7-476A-BBF7-A766DFF893AD}"
EndProject
Project("{2150E333-8FDC-42A3-9474-1A3956D46DE8}") = "ReverseSublist", "ReverseSublist", "{C225973C-C2F1-4D8E-BA2F-8307C39FD9FC}"
EndProject
Project("{9A19103F-16F7-4668-BE54-9A1E7A4F7556}") = "ReverseSublist", "ReverseSublist\ReverseSublist.csproj", "{ACC894E9-7E1C-4FDA-A1D1-C43CEE730654}"
EndProject
Project("{2150E333-8FDC-42A3-9474-1A3956D46DE8}") = "Problem-11", "Problem-11", "{20F1E887-62F9-440E-9DB2-87CD9C8107E7}"
EndProject
Project("{9A19103F-16F7-4668-BE54-9A1E7A4F7556}") = "LargestProductInAGrid", "LargestProductInAGrid\LargestProductInAGrid.csproj", "{DB28B8CD-CBF0-49FB-B7B3-280F99DEDE4B}"
EndProject
Project("{2150E333-8FDC-42A3-9474-1A3956D46DE8}") = "Problem-12", "Problem-12", "{09CCAD94-CCB0-4815-9002-41CCFE9AC765}"
EndProject
Project("{9A19103F-16F7-4668-BE54-9A1E7A4F7556}") = "HighlyDivisibleTriangularNumber", "HighlyDivisibleTriangularNumber\HighlyDivisibleTriangularNumber.csproj", "{F9BE047F-8F3A-42BC-974D-3D2D6976F8DC}"
EndProject
Project("{2150E333-8FDC-42A3-9474-1A3956D46DE8}") = "Problem-13", "Problem-13", "{FF802951-AEDB-4542-B218-CD3537523752}"
EndProject
Project("{9A19103F-16F7-4668-BE54-9A1E7A4F7556}") = "LargeSum", "LargeSum\LargeSum.csproj", "{B449F30E-58C0-44FD-84EA-03B4B7D172DE}"
EndProject
Project("{2150E333-8FDC-42A3-9474-1A3956D46DE8}") = "Problem-14", "Problem-14", "{6888FFFE-98C1-410D-84F6-ABAD5D2E18EB}"
EndProject
Project("{FAE04EC0-301F-11D3-BF4B-00C04F79EFBC}") = "LongestCollatzSequence", "LongestCollatzSequence\LongestCollatzSequence.csproj", "{58BF84D3-678C-4BAC-90BD-C58A79E881B0}"
EndProject
Global
	GlobalSection(SolutionConfigurationPlatforms) = preSolution
		Debug|Any CPU = Debug|Any CPU
		Release|Any CPU = Release|Any CPU
	EndGlobalSection
	GlobalSection(ProjectConfigurationPlatforms) = postSolution
		{F6B425ED-D6CD-42F1-B18E-8DC37572DD1A}.Debug|Any CPU.ActiveCfg = Debug|Any CPU
		{F6B425ED-D6CD-42F1-B18E-8DC37572DD1A}.Debug|Any CPU.Build.0 = Debug|Any CPU
		{F6B425ED-D6CD-42F1-B18E-8DC37572DD1A}.Release|Any CPU.ActiveCfg = Release|Any CPU
		{F6B425ED-D6CD-42F1-B18E-8DC37572DD1A}.Release|Any CPU.Build.0 = Release|Any CPU
		{CE34ECA3-1B17-42F9-9D3F-0707564A9994}.Debug|Any CPU.ActiveCfg = Debug|Any CPU
		{CE34ECA3-1B17-42F9-9D3F-0707564A9994}.Debug|Any CPU.Build.0 = Debug|Any CPU
		{CE34ECA3-1B17-42F9-9D3F-0707564A9994}.Release|Any CPU.ActiveCfg = Release|Any CPU
		{CE34ECA3-1B17-42F9-9D3F-0707564A9994}.Release|Any CPU.Build.0 = Release|Any CPU
		{7164B509-27E7-476A-BBF7-A766DFF893AD}.Debug|Any CPU.ActiveCfg = Debug|Any CPU
		{7164B509-27E7-476A-BBF7-A766DFF893AD}.Debug|Any CPU.Build.0 = Debug|Any CPU
		{7164B509-27E7-476A-BBF7-A766DFF893AD}.Release|Any CPU.ActiveCfg = Release|Any CPU
		{7164B509-27E7-476A-BBF7-A766DFF893AD}.Release|Any CPU.Build.0 = Release|Any CPU
		{ACC894E9-7E1C-4FDA-A1D1-C43CEE730654}.Debug|Any CPU.ActiveCfg = Debug|Any CPU
		{ACC894E9-7E1C-4FDA-A1D1-C43CEE730654}.Debug|Any CPU.Build.0 = Debug|Any CPU
		{ACC894E9-7E1C-4FDA-A1D1-C43CEE730654}.Release|Any CPU.ActiveCfg = Release|Any CPU
		{ACC894E9-7E1C-4FDA-A1D1-C43CEE730654}.Release|Any CPU.Build.0 = Release|Any CPU
		{DB28B8CD-CBF0-49FB-B7B3-280F99DEDE4B}.Debug|Any CPU.ActiveCfg = Debug|Any CPU
		{DB28B8CD-CBF0-49FB-B7B3-280F99DEDE4B}.Debug|Any CPU.Build.0 = Debug|Any CPU
		{DB28B8CD-CBF0-49FB-B7B3-280F99DEDE4B}.Release|Any CPU.ActiveCfg = Release|Any CPU
		{DB28B8CD-CBF0-49FB-B7B3-280F99DEDE4B}.Release|Any CPU.Build.0 = Release|Any CPU
		{F9BE047F-8F3A-42BC-974D-3D2D6976F8DC}.Debug|Any CPU.ActiveCfg = Debug|Any CPU
		{F9BE047F-8F3A-42BC-974D-3D2D6976F8DC}.Debug|Any CPU.Build.0 = Debug|Any CPU
		{F9BE047F-8F3A-42BC-974D-3D2D6976F8DC}.Release|Any CPU.ActiveCfg = Release|Any CPU
		{F9BE047F-8F3A-42BC-974D-3D2D6976F8DC}.Release|Any CPU.Build.0 = Release|Any CPU
		{B449F30E-58C0-44FD-84EA-03B4B7D172DE}.Debug|Any CPU.ActiveCfg = Debug|Any CPU
		{B449F30E-58C0-44FD-84EA-03B4B7D172DE}.Debug|Any CPU.Build.0 = Debug|Any CPU
		{B449F30E-58C0-44FD-84EA-03B4B7D172DE}.Release|Any CPU.ActiveCfg = Release|Any CPU
		{B449F30E-58C0-44FD-84EA-03B4B7D172DE}.Release|Any CPU.Build.0 = Release|Any CPU
		{58BF84D3-678C-4BAC-90BD-C58A79E881B0}.Debug|Any CPU.ActiveCfg = Debug|Any CPU
		{58BF84D3-678C-4BAC-90BD-C58A79E881B0}.Debug|Any CPU.Build.0 = Debug|Any CPU
		{58BF84D3-678C-4BAC-90BD-C58A79E881B0}.Release|Any CPU.ActiveCfg = Release|Any CPU
		{58BF84D3-678C-4BAC-90BD-C58A79E881B0}.Release|Any CPU.Build.0 = Release|Any CPU
	EndGlobalSection
	GlobalSection(SolutionProperties) = preSolution
		HideSolutionNode = FALSE
	EndGlobalSection
	GlobalSection(NestedProjects) = preSolution
		{F6B425ED-D6CD-42F1-B18E-8DC37572DD1A} = {36F33F72-ACE4-4CFA-BB18-94D4D3CC39B2}
		{CE34ECA3-1B17-42F9-9D3F-0707564A9994} = {F428B2A2-8831-4AA8-80B4-556D1E627B06}
		{7164B509-27E7-476A-BBF7-A766DFF893AD} = {F8901761-63B1-44F9-AB3C-D5C162F492FA}
		{ACC894E9-7E1C-4FDA-A1D1-C43CEE730654} = {C225973C-C2F1-4D8E-BA2F-8307C39FD9FC}
		{DB28B8CD-CBF0-49FB-B7B3-280F99DEDE4B} = {20F1E887-62F9-440E-9DB2-87CD9C8107E7}
		{F9BE047F-8F3A-42BC-974D-3D2D6976F8DC} = {09CCAD94-CCB0-4815-9002-41CCFE9AC765}
		{B449F30E-58C0-44FD-84EA-03B4B7D172DE} = {FF802951-AEDB-4542-B218-CD3537523752}
		{58BF84D3-678C-4BAC-90BD-C58A79E881B0} = {6888FFFE-98C1-410D-84F6-ABAD5D2E18EB}
	EndGlobalSection
	GlobalSection(ExtensibilityGlobals) = postSolution
		SolutionGuid = {F98009D6-9FCA-4B0F-8A99-634F580E4DF7}
	EndGlobalSection
EndGlobal
