
Microsoft Visual Studio Solution File, Format Version 12.00
# Visual Studio Version 17
VisualStudioVersion = 17.9.34622.214
MinimumVisualStudioVersion = 10.0.40219.1
Project("{2150E333-8FDC-42A3-9474-1A3956D46DE8}") = "Problem-8", "Problem-8", "{36F33F72-ACE4-4CFA-BB18-94D4D3CC39B2}"
EndProject
Project("{9A19103F-16F7-4668-BE54-9A1E7A4F7556}") = "LongestProductInSeries", "LongestProductInSeries\LongestProductInSeries.csproj", "{F6B425ED-D6CD-42F1-B18E-8DC37572DD1A}"
EndProject
Project("{2150E333-8FDC-42A3-9474-1A3956D46DE8}") = "Solution Items", "Solution Items", "{89DA2A45-073E-4B86-B4B1-90FF3357F496}"
	ProjectSection(SolutionItems) = preProject
		Readme.md = Readme.md
	EndProjectSection
EndProject
Project("{2150E333-8FDC-42A3-9474-1A3956D46DE8}") = "Problem-9", "Problem-9", "{F428B2A2-8831-4AA8-80B4-556D1E627B06}"
EndProject
Project("{9A19103F-16F7-4668-BE54-9A1E7A4F7556}") = "SpecialPythagoreanTriplet", "SpecialPythagoreanTriplet\SpecialPythagoreanTriplet.csproj", "{CE34ECA3-1B17-42F9-9D3F-0707564A9994}"
EndProject
Project("{2150E333-8FDC-42A3-9474-1A3956D46DE8}") = "Problem-10", "Problem-10", "{F8901761-63B1-44F9-AB3C-D5C162F492FA}"
EndProject
Project("{9A19103F-16F7-4668-BE54-9A1E7A4F7556}") = "SummationofPrimes", "SummationofPrimes\SummationofPrimes.csproj", "{7164B509-27E7-476A-BBF7-A766DFF893AD}"
EndProject
Project("{2150E333-8FDC-42A3-9474-1A3956D46DE8}") = "ReverseSublist", "ReverseSublist", "{C225973C-C2F1-4D8E-BA2F-8307C39FD9FC}"
EndProject
Project("{9A19103F-16F7-4668-BE54-9A1E7A4F7556}") = "ReverseSublist", "ReverseSublist\ReverseSublist.csproj", "{ACC894E9-7E1C-4FDA-A1D1-C43CEE730654}"
EndProject
Project("{2150E333-8FDC-42A3-9474-1A3956D46DE8}") = "Problem-11", "Problem-11", "{20F1E887-62F9-440E-9DB2-87CD9C8107E7}"
EndProject
Project("{9A19103F-16F7-4668-BE54-9A1E7A4F7556}") = "LargestProductInAGrid", "LargestProductInAGrid\LargestProductInAGrid.csproj", "{DB28B8CD-CBF0-49FB-B7B3-280F99DEDE4B}"
EndProject
Project("{2150E333-8FDC-42A3-9474-1A3956D46DE8}") = "Problem-12", "Problem-12", "{09CCAD94-CCB0-4815-9002-41CCFE9AC765}"
EndProject
Project("{9A19103F-16F7-4668-BE54-9A1E7A4F7556}") = "HighlyDivisibleTriangularNumber", "HighlyDivisibleTriangularNumber\HighlyDivisibleTriangularNumber.csproj", "{F9BE047F-8F3A-42BC-974D-3D2D6976F8DC}"
EndProject
Project("{2150E333-8FDC-42A3-9474-1A3956D46DE8}") = "Problem-13", "Problem-13", "{FF802951-AEDB-4542-B218-CD3537523752}"
EndProject
Project("{9A19103F-16F7-4668-BE54-9A1E7A4F7556}") = "LargeSum", "LargeSum\LargeSum.csproj", "{B449F30E-58C0-44FD-84EA-03B4B7D172DE}"
EndProject
Project("{2150E333-8FDC-42A3-9474-1A3956D46DE8}") = "Problem-14", "Problem-14", "{6888FFFE-98C1-410D-84F6-ABAD5D2E18EB}"
EndProject
Project("{9A19103F-16F7-4668-BE54-9A1E7A4F7556}") = "LongestCollatzSequence", "LongestCollatzSequence\LongestCollatzSequence.csproj", "{58BF84D3-678C-4BAC-90BD-C58A79E881B0}"
EndProject
Project("{2150E333-8FDC-42A3-9474-1A3956D46DE8}") = "Problem-15", "Problem-15", "{B1656AA3-8859-4C66-9B08-8C890FF007CB}"
EndProject
Project("{9A19103F-16F7-4668-BE54-9A1E7A4F7556}") = "LatticePaths", "LatticePaths\LatticePaths.csproj", "{2DBA4E43-6144-45A6-868D-0E5574CAB881}"
EndProject
Project("{2150E333-8FDC-42A3-9474-1A3956D46DE8}") = "Problem-16", "Problem-16", "{BD569062-E760-495C-8DDB-DE97C6BF1DEC}"
EndProject
Project("{9A19103F-16F7-4668-BE54-9A1E7A4F7556}") = "PowerDigitSum", "PowerDigitSum\PowerDigitSum.csproj", "{130F19F2-13C4-4A99-8A19-EB859F9C8587}"
EndProject
Project("{2150E333-8FDC-42A3-9474-1A3956D46DE8}") = "Problem-17", "Problem-17", "{998ECA0A-CC8D-42B5-9968-CC254AD3A2DF}"
EndProject
Project("{9A19103F-16F7-4668-BE54-9A1E7A4F7556}") = "NumberLetterCounts", "NumberLetterCounts\NumberLetterCounts.csproj", "{2E92AD60-43EC-41CA-A54D-EE94D06A3FE1}"
EndProject
Project("{2150E333-8FDC-42A3-9474-1A3956D46DE8}") = "Problem-18", "Problem-18", "{D7BA13DF-E307-4C2F-BBEE-533D9ABE9F7F}"
EndProject
Project("{9A19103F-16F7-4668-BE54-9A1E7A4F7556}") = "MaximumPathSumI", "MaximumPathSumI\MaximumPathSumI.csproj", "{D9E0300D-EA62-4212-9BA8-DC033A70CFE3}"
EndProject
Project("{2150E333-8FDC-42A3-9474-1A3956D46DE8}") = "Problem-19", "Problem-19", "{650AC675-570D-4F0A-91AD-15B8DB18F896}"
EndProject
Project("{9A19103F-16F7-4668-BE54-9A1E7A4F7556}") = "CountingSundays", "CountingSundays\CountingSundays.csproj", "{E51F9AF6-8F7C-4180-ADF6-F8B054AD4C26}"
EndProject
Project("{2150E333-8FDC-42A3-9474-1A3956D46DE8}") = "Problem-20", "Problem-20", "{81EBE9A6-66E7-4828-9DA9-0E16F4D43EBF}"
EndProject
Project("{9A19103F-16F7-4668-BE54-9A1E7A4F7556}") = "FactorialDigitSum", "FactorialDigitSum\FactorialDigitSum.csproj", "{C069194C-D1FE-43B4-914D-E27ABAE50D2E}"
EndProject
Project("{2150E333-8FDC-42A3-9474-1A3956D46DE8}") = "Problem-21", "Problem-21", "{F3A1376F-C7AE-4926-8D20-F0FBA2424D8F}"
EndProject
Project("{9A19103F-16F7-4668-BE54-9A1E7A4F7556}") = "AmicableNumbers", "AmicableNumbers\AmicableNumbers.csproj", "{5EFCE8C6-A003-4018-BB57-81D2968AD3B5}"
EndProject
Project("{2150E333-8FDC-42A3-9474-1A3956D46DE8}") = "Problem-22", "Problem-22", "{BD89E36B-EA30-4E63-92C2-61311D5E8A54}"
EndProject
Project("{9A19103F-16F7-4668-BE54-9A1E7A4F7556}") = "NamesScores", "NamesScores\NamesScores.csproj", "{2DF001FB-45C7-4B45-BF4A-9A0455E5B207}"
EndProject
Project("{2150E333-8FDC-42A3-9474-1A3956D46DE8}") = "Problem-23", "Problem-23", "{EB92B857-80E8-4AB0-A58C-2101C3D625E9}"
EndProject
Project("{9A19103F-16F7-4668-BE54-9A1E7A4F7556}") = "NonAbundantSums", "NonAbundantSums\NonAbundantSums.csproj", "{81747AC8-252F-4B9F-91A8-5A03993F180A}"
EndProject
Project("{2150E333-8FDC-42A3-9474-1A3956D46DE8}") = "Problem-24", "Problem-24", "{033407F7-68FB-4653-82DE-35E7C61861D5}"
EndProject
Project("{9A19103F-16F7-4668-BE54-9A1E7A4F7556}") = "LexicographicPermutations", "LexicographicPermutations\LexicographicPermutations.csproj", "{1E6754D6-1AB8-4202-A0D4-52BF5739D3BF}"
EndProject
Project("{2150E333-8FDC-42A3-9474-1A3956D46DE8}") = "Problem-25", "Problem-25", "{D27526FA-99EE-4BCE-9F39-7021C8AF7B52}"
EndProject
Project("{9A19103F-16F7-4668-BE54-9A1E7A4F7556}") = "Digit1000FibonacciNumber", "Digit1000FibonacciNumber\Digit1000FibonacciNumber.csproj", "{8E667603-D905-4723-AC99-1A055BD52835}"
EndProject
Project("{2150E333-8FDC-42A3-9474-1A3956D46DE8}") = "Problem-26", "Problem-26", "{81F301FE-A0D9-4BBE-B490-9F8D2506AD9B}"
EndProject
Project("{9A19103F-16F7-4668-BE54-9A1E7A4F7556}") = "ReciprocalCycles", "ReciprocalCycles\ReciprocalCycles.csproj", "{B9F069E4-6B37-4159-84D1-177DB805F6B1}"
EndProject
Project("{2150E333-8FDC-42A3-9474-1A3956D46DE8}") = "Problem-27", "Problem-27", "{8281FACB-58AB-4326-8DE6-F61F7EE44D92}"
EndProject
Project("{9A19103F-16F7-4668-BE54-9A1E7A4F7556}") = "QuadraticPrimes", "QuadraticPrimes\QuadraticPrimes.csproj", "{2A1EC618-A09B-42EF-A013-46D6FA6FDDA3}"
EndProject
Project("{2150E333-8FDC-42A3-9474-1A3956D46DE8}") = "Problem-28", "Problem-28", "{65500F5E-1705-4809-AD38-7A9062B66C40}"
EndProject
Project("{9A19103F-16F7-4668-BE54-9A1E7A4F7556}") = "NumberSpiralDiagonals", "NumberSpiralDiagonals\NumberSpiralDiagonals.csproj", "{712899C7-3DAD-4D05-8CC3-542AC19281D3}"
EndProject
Project("{2150E333-8FDC-42A3-9474-1A3956D46DE8}") = "Problem-29", "Problem-29", "{2D8AFC82-C2D5-4DA1-A17F-934848E6CA1F}"
EndProject
Project("{9A19103F-16F7-4668-BE54-9A1E7A4F7556}") = "DistinctPowers", "DistinctPowers\DistinctPowers.csproj", "{75414B64-33CC-40B1-8591-AA8913A54C3F}"
EndProject
Project("{2150E333-8FDC-42A3-9474-1A3956D46DE8}") = "Problem-30", "Problem-30", "{8AE91961-7B4E-4607-9B3D-8A792040738B}"
EndProject
Project("{9A19103F-16F7-4668-BE54-9A1E7A4F7556}") = "DigitFifthPowers", "DigitFifthPowers\DigitFifthPowers.csproj", "{A5756EE8-39D0-4738-B5F5-505498C7FCB5}"
EndProject
Project("{2150E333-8FDC-42A3-9474-1A3956D46DE8}") = "Problem-31", "Problem-31", "{FDD3B44C-D50E-4258-A069-B178C17EA9BB}"
EndProject
Project("{9A19103F-16F7-4668-BE54-9A1E7A4F7556}") = "CoinSums", "CoinSums\CoinSums.csproj", "{385A0ABB-BA6B-47B5-ADA6-B3440CBEEB90}"
EndProject
Project("{2150E333-8FDC-42A3-9474-1A3956D46DE8}") = "Problem-32", "Problem-32", "{75DFBBE4-A519-4E12-B6BC-759B7D4ADB33}"
EndProject
Project("{FAE04EC0-301F-11D3-BF4B-00C04F79EFBC}") = "PandigitalProducts", "PandigitalProducts\PandigitalProducts.csproj", "{9BB6DAF6-AF87-4C50-8955-2DDAE1D1216D}"
EndProject
Project("{2150E333-8FDC-42A3-9474-1A3956D46DE8}") = "Problem-33", "Problem-33", "{DB1F2481-B7F4-4342-BA7D-7A5FAF505646}"
EndProject
Project("{FAE04EC0-301F-11D3-BF4B-00C04F79EFBC}") = "DigitCancellingFractions", "DigitCancellingFractions\DigitCancellingFractions.csproj", "{C6E82CD6-6DA1-42A4-8EF1-53E6B761C5FB}"
EndProject
Project("{2150E333-8FDC-42A3-9474-1A3956D46DE8}") = "Problem-34", "Problem-34", "{D64358DC-AFB8-4484-96E8-290F6C01F324}"
EndProject
Project("{FAE04EC0-301F-11D3-BF4B-00C04F79EFBC}") = "DigitFactorials", "DigitFactorials\DigitFactorials.csproj", "{73BB7D53-B0AA-4FE3-BABE-93DBDAE3E904}"
EndProject
Project("{2150E333-8FDC-42A3-9474-1A3956D46DE8}") = "Problem-35", "Problem-35", "{02EA681E-C7D8-13C7-8484-4AC65E1B71E8}"
EndProject
Project("{FAE04EC0-301F-11D3-BF4B-00C04F79EFBC}") = "CircularPrimes", "CircularPrimes\CircularPrimes.csproj", "{B30BBE0C-2758-439D-80BE-2011BB6D79FA}"
EndProject
Project("{2150E333-8FDC-42A3-9474-1A3956D46DE8}") = "Problem-36", "Problem-36", "{37987382-7282-4344-9743-934713E1F910}"
EndProject
Project("{FAE04EC0-301F-11D3-BF4B-00C04F79EFBC}") = "DoublebasePalindromes", "DoublebasePalindromes\DoublebasePalindromes.csproj", "{C8D1B5A0-703A-4A83-A25F-22999813E60A}"
EndProject
Project("{2150E333-8FDC-42A3-9474-1A3956D46DE8}") = "Problem-37", "Problem-37", "{4CB5C5F1-C889-475F-817A-71544F1EC3FA}"
EndProject
Project("{FAE04EC0-301F-11D3-BF4B-00C04F79EFBC}") = "TruncatablePrimes", "TruncatablePrimes\TruncatablePrimes.csproj", "{445D0B65-FF9C-41E2-86FF-CFBB5C3660AA}"
EndProject
Project("{2150E333-8FDC-42A3-9474-1A3956D46DE8}") = "Problem-38", "Problem-38", "{EB597A78-BA12-4C9A-AEA5-877CE6A3A26F}"
EndProject
Project("{FAE04EC0-301F-11D3-BF4B-00C04F79EFBC}") = "PandigitalMultiples", "PandigitalMultiples\PandigitalMultiples.csproj", "{EFCF84DE-D9B0-4ED3-9419-08A9BDF72719}"
EndProject
Project("{2150E333-8FDC-42A3-9474-1A3956D46DE8}") = "Problem-39", "Problem-39", "{E2670F25-7F56-491B-8BD7-533B5E7B531E}"
EndProject
Project("{FAE04EC0-301F-11D3-BF4B-00C04F79EFBC}") = "IntegerRightTriangles", "IntegerRightTriangles\IntegerRightTriangles.csproj", "{A21037CD-417D-498B-B918-E872F4A7CD2C}"
EndProject
Project("{2150E333-8FDC-42A3-9474-1A3956D46DE8}") = "Problem-40", "Problem-40", "{CC81D2C7-92C7-4B16-9C21-8FF1D6FC4D9E}"
EndProject
Project("{FAE04EC0-301F-11D3-BF4B-00C04F79EFBC}") = "ChampernownesConstant", "ChampernownesConstant\ChampernownesConstant.csproj", "{667C48A3-430F-4F90-9BBD-C401EAA7C311}"
EndProject
Project("{2150E333-8FDC-42A3-9474-1A3956D46DE8}") = "Problem-41", "Problem-41", "{5F848497-C927-44A0-852F-204303A89232}"
EndProject
Project("{FAE04EC0-301F-11D3-BF4B-00C04F79EFBC}") = "PandigitalPrime", "PandigitalPrime\PandigitalPrime.csproj", "{F06D0A71-38E0-4B04-84C7-27052ACC4F09}"
EndProject
Project("{2150E333-8FDC-42A3-9474-1A3956D46DE8}") = "Problem-42", "Problem-42", "{BFE71D53-87C1-4708-B0D2-8F74A2598103}"
EndProject
Project("{FAE04EC0-301F-11D3-BF4B-00C04F79EFBC}") = "CodedTriangleNumbers", "CodedTriangleNumbers\CodedTriangleNumbers.csproj", "{E8884AFC-27C6-4B53-9B0A-87E1085C68E8}"
EndProject
Project("{2150E333-8FDC-42A3-9474-1A3956D46DE8}") = "Problem-43", "Problem-43", "{43F29B99-8AFF-4DDD-BC97-9AB9182946FD}"
EndProject
Project("{FAE04EC0-301F-11D3-BF4B-00C04F79EFBC}") = "SubstringDivisibility", "SubstringDivisibility\SubstringDivisibility.csproj", "{D8AE3A36-CF7A-41E1-9404-CC5BD5215256}"
EndProject
Global
	GlobalSection(SolutionConfigurationPlatforms) = preSolution
		Debug|Any CPU = Debug|Any CPU
		Release|Any CPU = Release|Any CPU
	EndGlobalSection
	GlobalSection(ProjectConfigurationPlatforms) = postSolution
		{F6B425ED-D6CD-42F1-B18E-8DC37572DD1A}.Debug|Any CPU.ActiveCfg = Debug|Any CPU
		{F6B425ED-D6CD-42F1-B18E-8DC37572DD1A}.Debug|Any CPU.Build.0 = Debug|Any CPU
		{F6B425ED-D6CD-42F1-B18E-8DC37572DD1A}.Release|Any CPU.ActiveCfg = Release|Any CPU
		{F6B425ED-D6CD-42F1-B18E-8DC37572DD1A}.Release|Any CPU.Build.0 = Release|Any CPU
		{CE34ECA3-1B17-42F9-9D3F-0707564A9994}.Debug|Any CPU.ActiveCfg = Debug|Any CPU
		{CE34ECA3-1B17-42F9-9D3F-0707564A9994}.Debug|Any CPU.Build.0 = Debug|Any CPU
		{CE34ECA3-1B17-42F9-9D3F-0707564A9994}.Release|Any CPU.ActiveCfg = Release|Any CPU
		{CE34ECA3-1B17-42F9-9D3F-0707564A9994}.Release|Any CPU.Build.0 = Release|Any CPU
		{7164B509-27E7-476A-BBF7-A766DFF893AD}.Debug|Any CPU.ActiveCfg = Debug|Any CPU
		{7164B509-27E7-476A-BBF7-A766DFF893AD}.Debug|Any CPU.Build.0 = Debug|Any CPU
		{7164B509-27E7-476A-BBF7-A766DFF893AD}.Release|Any CPU.ActiveCfg = Release|Any CPU
		{7164B509-27E7-476A-BBF7-A766DFF893AD}.Release|Any CPU.Build.0 = Release|Any CPU
		{ACC894E9-7E1C-4FDA-A1D1-C43CEE730654}.Debug|Any CPU.ActiveCfg = Debug|Any CPU
		{ACC894E9-7E1C-4FDA-A1D1-C43CEE730654}.Debug|Any CPU.Build.0 = Debug|Any CPU
		{ACC894E9-7E1C-4FDA-A1D1-C43CEE730654}.Release|Any CPU.ActiveCfg = Release|Any CPU
		{ACC894E9-7E1C-4FDA-A1D1-C43CEE730654}.Release|Any CPU.Build.0 = Release|Any CPU
		{DB28B8CD-CBF0-49FB-B7B3-280F99DEDE4B}.Debug|Any CPU.ActiveCfg = Debug|Any CPU
		{DB28B8CD-CBF0-49FB-B7B3-280F99DEDE4B}.Debug|Any CPU.Build.0 = Debug|Any CPU
		{DB28B8CD-CBF0-49FB-B7B3-280F99DEDE4B}.Release|Any CPU.ActiveCfg = Release|Any CPU
		{DB28B8CD-CBF0-49FB-B7B3-280F99DEDE4B}.Release|Any CPU.Build.0 = Release|Any CPU
		{F9BE047F-8F3A-42BC-974D-3D2D6976F8DC}.Debug|Any CPU.ActiveCfg = Debug|Any CPU
		{F9BE047F-8F3A-42BC-974D-3D2D6976F8DC}.Debug|Any CPU.Build.0 = Debug|Any CPU
		{F9BE047F-8F3A-42BC-974D-3D2D6976F8DC}.Release|Any CPU.ActiveCfg = Release|Any CPU
		{F9BE047F-8F3A-42BC-974D-3D2D6976F8DC}.Release|Any CPU.Build.0 = Release|Any CPU
		{B449F30E-58C0-44FD-84EA-03B4B7D172DE}.Debug|Any CPU.ActiveCfg = Debug|Any CPU
		{B449F30E-58C0-44FD-84EA-03B4B7D172DE}.Debug|Any CPU.Build.0 = Debug|Any CPU
		{B449F30E-58C0-44FD-84EA-03B4B7D172DE}.Release|Any CPU.ActiveCfg = Release|Any CPU
		{B449F30E-58C0-44FD-84EA-03B4B7D172DE}.Release|Any CPU.Build.0 = Release|Any CPU
		{58BF84D3-678C-4BAC-90BD-C58A79E881B0}.Debug|Any CPU.ActiveCfg = Debug|Any CPU
		{58BF84D3-678C-4BAC-90BD-C58A79E881B0}.Debug|Any CPU.Build.0 = Debug|Any CPU
		{58BF84D3-678C-4BAC-90BD-C58A79E881B0}.Release|Any CPU.ActiveCfg = Release|Any CPU
		{58BF84D3-678C-4BAC-90BD-C58A79E881B0}.Release|Any CPU.Build.0 = Release|Any CPU
		{2DBA4E43-6144-45A6-868D-0E5574CAB881}.Debug|Any CPU.ActiveCfg = Debug|Any CPU
		{2DBA4E43-6144-45A6-868D-0E5574CAB881}.Debug|Any CPU.Build.0 = Debug|Any CPU
		{2DBA4E43-6144-45A6-868D-0E5574CAB881}.Release|Any CPU.ActiveCfg = Release|Any CPU
		{2DBA4E43-6144-45A6-868D-0E5574CAB881}.Release|Any CPU.Build.0 = Release|Any CPU
		{130F19F2-13C4-4A99-8A19-EB859F9C8587}.Debug|Any CPU.ActiveCfg = Debug|Any CPU
		{130F19F2-13C4-4A99-8A19-EB859F9C8587}.Debug|Any CPU.Build.0 = Debug|Any CPU
		{130F19F2-13C4-4A99-8A19-EB859F9C8587}.Release|Any CPU.ActiveCfg = Release|Any CPU
		{130F19F2-13C4-4A99-8A19-EB859F9C8587}.Release|Any CPU.Build.0 = Release|Any CPU
		{2E92AD60-43EC-41CA-A54D-EE94D06A3FE1}.Debug|Any CPU.ActiveCfg = Debug|Any CPU
		{2E92AD60-43EC-41CA-A54D-EE94D06A3FE1}.Debug|Any CPU.Build.0 = Debug|Any CPU
		{2E92AD60-43EC-41CA-A54D-EE94D06A3FE1}.Release|Any CPU.ActiveCfg = Release|Any CPU
		{2E92AD60-43EC-41CA-A54D-EE94D06A3FE1}.Release|Any CPU.Build.0 = Release|Any CPU
		{D9E0300D-EA62-4212-9BA8-DC033A70CFE3}.Debug|Any CPU.ActiveCfg = Debug|Any CPU
		{D9E0300D-EA62-4212-9BA8-DC033A70CFE3}.Debug|Any CPU.Build.0 = Debug|Any CPU
		{D9E0300D-EA62-4212-9BA8-DC033A70CFE3}.Release|Any CPU.ActiveCfg = Release|Any CPU
		{D9E0300D-EA62-4212-9BA8-DC033A70CFE3}.Release|Any CPU.Build.0 = Release|Any CPU
		{E51F9AF6-8F7C-4180-ADF6-F8B054AD4C26}.Debug|Any CPU.ActiveCfg = Debug|Any CPU
		{E51F9AF6-8F7C-4180-ADF6-F8B054AD4C26}.Debug|Any CPU.Build.0 = Debug|Any CPU
		{E51F9AF6-8F7C-4180-ADF6-F8B054AD4C26}.Release|Any CPU.ActiveCfg = Release|Any CPU
		{E51F9AF6-8F7C-4180-ADF6-F8B054AD4C26}.Release|Any CPU.Build.0 = Release|Any CPU
		{C069194C-D1FE-43B4-914D-E27ABAE50D2E}.Debug|Any CPU.ActiveCfg = Debug|Any CPU
		{C069194C-D1FE-43B4-914D-E27ABAE50D2E}.Debug|Any CPU.Build.0 = Debug|Any CPU
		{C069194C-D1FE-43B4-914D-E27ABAE50D2E}.Release|Any CPU.ActiveCfg = Release|Any CPU
		{C069194C-D1FE-43B4-914D-E27ABAE50D2E}.Release|Any CPU.Build.0 = Release|Any CPU
		{5EFCE8C6-A003-4018-BB57-81D2968AD3B5}.Debug|Any CPU.ActiveCfg = Debug|Any CPU
		{5EFCE8C6-A003-4018-BB57-81D2968AD3B5}.Debug|Any CPU.Build.0 = Debug|Any CPU
		{5EFCE8C6-A003-4018-BB57-81D2968AD3B5}.Release|Any CPU.ActiveCfg = Release|Any CPU
		{5EFCE8C6-A003-4018-BB57-81D2968AD3B5}.Release|Any CPU.Build.0 = Release|Any CPU
		{2DF001FB-45C7-4B45-BF4A-9A0455E5B207}.Debug|Any CPU.ActiveCfg = Debug|Any CPU
		{2DF001FB-45C7-4B45-BF4A-9A0455E5B207}.Debug|Any CPU.Build.0 = Debug|Any CPU
		{2DF001FB-45C7-4B45-BF4A-9A0455E5B207}.Release|Any CPU.ActiveCfg = Release|Any CPU
		{2DF001FB-45C7-4B45-BF4A-9A0455E5B207}.Release|Any CPU.Build.0 = Release|Any CPU
		{81747AC8-252F-4B9F-91A8-5A03993F180A}.Debug|Any CPU.ActiveCfg = Debug|Any CPU
		{81747AC8-252F-4B9F-91A8-5A03993F180A}.Debug|Any CPU.Build.0 = Debug|Any CPU
		{81747AC8-252F-4B9F-91A8-5A03993F180A}.Release|Any CPU.ActiveCfg = Release|Any CPU
		{81747AC8-252F-4B9F-91A8-5A03993F180A}.Release|Any CPU.Build.0 = Release|Any CPU
		{1E6754D6-1AB8-4202-A0D4-52BF5739D3BF}.Debug|Any CPU.ActiveCfg = Debug|Any CPU
		{1E6754D6-1AB8-4202-A0D4-52BF5739D3BF}.Debug|Any CPU.Build.0 = Debug|Any CPU
		{1E6754D6-1AB8-4202-A0D4-52BF5739D3BF}.Release|Any CPU.ActiveCfg = Release|Any CPU
		{1E6754D6-1AB8-4202-A0D4-52BF5739D3BF}.Release|Any CPU.Build.0 = Release|Any CPU
		{8E667603-D905-4723-AC99-1A055BD52835}.Debug|Any CPU.ActiveCfg = Debug|Any CPU
		{8E667603-D905-4723-AC99-1A055BD52835}.Debug|Any CPU.Build.0 = Debug|Any CPU
		{8E667603-D905-4723-AC99-1A055BD52835}.Release|Any CPU.ActiveCfg = Release|Any CPU
		{8E667603-D905-4723-AC99-1A055BD52835}.Release|Any CPU.Build.0 = Release|Any CPU
		{B9F069E4-6B37-4159-84D1-177DB805F6B1}.Debug|Any CPU.ActiveCfg = Debug|Any CPU
		{B9F069E4-6B37-4159-84D1-177DB805F6B1}.Debug|Any CPU.Build.0 = Debug|Any CPU
		{B9F069E4-6B37-4159-84D1-177DB805F6B1}.Release|Any CPU.ActiveCfg = Release|Any CPU
		{B9F069E4-6B37-4159-84D1-177DB805F6B1}.Release|Any CPU.Build.0 = Release|Any CPU
		{2A1EC618-A09B-42EF-A013-46D6FA6FDDA3}.Debug|Any CPU.ActiveCfg = Debug|Any CPU
		{2A1EC618-A09B-42EF-A013-46D6FA6FDDA3}.Debug|Any CPU.Build.0 = Debug|Any CPU
		{2A1EC618-A09B-42EF-A013-46D6FA6FDDA3}.Release|Any CPU.ActiveCfg = Release|Any CPU
		{2A1EC618-A09B-42EF-A013-46D6FA6FDDA3}.Release|Any CPU.Build.0 = Release|Any CPU
		{712899C7-3DAD-4D05-8CC3-542AC19281D3}.Debug|Any CPU.ActiveCfg = Debug|Any CPU
		{712899C7-3DAD-4D05-8CC3-542AC19281D3}.Debug|Any CPU.Build.0 = Debug|Any CPU
		{712899C7-3DAD-4D05-8CC3-542AC19281D3}.Release|Any CPU.ActiveCfg = Release|Any CPU
		{712899C7-3DAD-4D05-8CC3-542AC19281D3}.Release|Any CPU.Build.0 = Release|Any CPU
		{75414B64-33CC-40B1-8591-AA8913A54C3F}.Debug|Any CPU.ActiveCfg = Debug|Any CPU
		{75414B64-33CC-40B1-8591-AA8913A54C3F}.Debug|Any CPU.Build.0 = Debug|Any CPU
		{75414B64-33CC-40B1-8591-AA8913A54C3F}.Release|Any CPU.ActiveCfg = Release|Any CPU
		{75414B64-33CC-40B1-8591-AA8913A54C3F}.Release|Any CPU.Build.0 = Release|Any CPU
		{A5756EE8-39D0-4738-B5F5-505498C7FCB5}.Debug|Any CPU.ActiveCfg = Debug|Any CPU
		{A5756EE8-39D0-4738-B5F5-505498C7FCB5}.Debug|Any CPU.Build.0 = Debug|Any CPU
		{A5756EE8-39D0-4738-B5F5-505498C7FCB5}.Release|Any CPU.ActiveCfg = Release|Any CPU
		{A5756EE8-39D0-4738-B5F5-505498C7FCB5}.Release|Any CPU.Build.0 = Release|Any CPU
		{385A0ABB-BA6B-47B5-ADA6-B3440CBEEB90}.Debug|Any CPU.ActiveCfg = Debug|Any CPU
		{385A0ABB-BA6B-47B5-ADA6-B3440CBEEB90}.Debug|Any CPU.Build.0 = Debug|Any CPU
		{385A0ABB-BA6B-47B5-ADA6-B3440CBEEB90}.Release|Any CPU.ActiveCfg = Release|Any CPU
		{385A0ABB-BA6B-47B5-ADA6-B3440CBEEB90}.Release|Any CPU.Build.0 = Release|Any CPU
		{9BB6DAF6-AF87-4C50-8955-2DDAE1D1216D}.Debug|Any CPU.ActiveCfg = Debug|Any CPU
		{9BB6DAF6-AF87-4C50-8955-2DDAE1D1216D}.Debug|Any CPU.Build.0 = Debug|Any CPU
		{9BB6DAF6-AF87-4C50-8955-2DDAE1D1216D}.Release|Any CPU.ActiveCfg = Release|Any CPU
		{9BB6DAF6-AF87-4C50-8955-2DDAE1D1216D}.Release|Any CPU.Build.0 = Release|Any CPU
		{C6E82CD6-6DA1-42A4-8EF1-53E6B761C5FB}.Debug|Any CPU.ActiveCfg = Debug|Any CPU
		{C6E82CD6-6DA1-42A4-8EF1-53E6B761C5FB}.Debug|Any CPU.Build.0 = Debug|Any CPU
		{C6E82CD6-6DA1-42A4-8EF1-53E6B761C5FB}.Release|Any CPU.ActiveCfg = Release|Any CPU
		{C6E82CD6-6DA1-42A4-8EF1-53E6B761C5FB}.Release|Any CPU.Build.0 = Release|Any CPU
		{73BB7D53-B0AA-4FE3-BABE-93DBDAE3E904}.Debug|Any CPU.ActiveCfg = Debug|Any CPU
		{73BB7D53-B0AA-4FE3-BABE-93DBDAE3E904}.Debug|Any CPU.Build.0 = Debug|Any CPU
		{73BB7D53-B0AA-4FE3-BABE-93DBDAE3E904}.Release|Any CPU.ActiveCfg = Release|Any CPU
		{73BB7D53-B0AA-4FE3-BABE-93DBDAE3E904}.Release|Any CPU.Build.0 = Release|Any CPU
		{B30BBE0C-2758-439D-80BE-2011BB6D79FA}.Debug|Any CPU.ActiveCfg = Debug|Any CPU
		{B30BBE0C-2758-439D-80BE-2011BB6D79FA}.Debug|Any CPU.Build.0 = Debug|Any CPU
		{B30BBE0C-2758-439D-80BE-2011BB6D79FA}.Release|Any CPU.ActiveCfg = Release|Any CPU
		{B30BBE0C-2758-439D-80BE-2011BB6D79FA}.Release|Any CPU.Build.0 = Release|Any CPU
		{C8D1B5A0-703A-4A83-A25F-22999813E60A}.Debug|Any CPU.ActiveCfg = Debug|Any CPU
		{C8D1B5A0-703A-4A83-A25F-22999813E60A}.Debug|Any CPU.Build.0 = Debug|Any CPU
		{C8D1B5A0-703A-4A83-A25F-22999813E60A}.Release|Any CPU.ActiveCfg = Release|Any CPU
		{C8D1B5A0-703A-4A83-A25F-22999813E60A}.Release|Any CPU.Build.0 = Release|Any CPU
		{445D0B65-FF9C-41E2-86FF-CFBB5C3660AA}.Debug|Any CPU.ActiveCfg = Debug|Any CPU
		{445D0B65-FF9C-41E2-86FF-CFBB5C3660AA}.Debug|Any CPU.Build.0 = Debug|Any CPU
		{445D0B65-FF9C-41E2-86FF-CFBB5C3660AA}.Release|Any CPU.ActiveCfg = Release|Any CPU
		{445D0B65-FF9C-41E2-86FF-CFBB5C3660AA}.Release|Any CPU.Build.0 = Release|Any CPU
		{EFCF84DE-D9B0-4ED3-9419-08A9BDF72719}.Debug|Any CPU.ActiveCfg = Debug|Any CPU
		{EFCF84DE-D9B0-4ED3-9419-08A9BDF72719}.Debug|Any CPU.Build.0 = Debug|Any CPU
		{EFCF84DE-D9B0-4ED3-9419-08A9BDF72719}.Release|Any CPU.ActiveCfg = Release|Any CPU
		{EFCF84DE-D9B0-4ED3-9419-08A9BDF72719}.Release|Any CPU.Build.0 = Release|Any CPU
		{A21037CD-417D-498B-B918-E872F4A7CD2C}.Debug|Any CPU.ActiveCfg = Debug|Any CPU
		{A21037CD-417D-498B-B918-E872F4A7CD2C}.Debug|Any CPU.Build.0 = Debug|Any CPU
		{A21037CD-417D-498B-B918-E872F4A7CD2C}.Release|Any CPU.ActiveCfg = Release|Any CPU
		{A21037CD-417D-498B-B918-E872F4A7CD2C}.Release|Any CPU.Build.0 = Release|Any CPU
		{667C48A3-430F-4F90-9BBD-C401EAA7C311}.Debug|Any CPU.ActiveCfg = Debug|Any CPU
		{667C48A3-430F-4F90-9BBD-C401EAA7C311}.Debug|Any CPU.Build.0 = Debug|Any CPU
		{667C48A3-430F-4F90-9BBD-C401EAA7C311}.Release|Any CPU.ActiveCfg = Release|Any CPU
		{667C48A3-430F-4F90-9BBD-C401EAA7C311}.Release|Any CPU.Build.0 = Release|Any CPU
		{F06D0A71-38E0-4B04-84C7-27052ACC4F09}.Debug|Any CPU.ActiveCfg = Debug|Any CPU
		{F06D0A71-38E0-4B04-84C7-27052ACC4F09}.Debug|Any CPU.Build.0 = Debug|Any CPU
		{F06D0A71-38E0-4B04-84C7-27052ACC4F09}.Release|Any CPU.ActiveCfg = Release|Any CPU
		{F06D0A71-38E0-4B04-84C7-27052ACC4F09}.Release|Any CPU.Build.0 = Release|Any CPU
		{E8884AFC-27C6-4B53-9B0A-87E1085C68E8}.Debug|Any CPU.ActiveCfg = Debug|Any CPU
		{E8884AFC-27C6-4B53-9B0A-87E1085C68E8}.Debug|Any CPU.Build.0 = Debug|Any CPU
		{E8884AFC-27C6-4B53-9B0A-87E1085C68E8}.Release|Any CPU.ActiveCfg = Release|Any CPU
		{E8884AFC-27C6-4B53-9B0A-87E1085C68E8}.Release|Any CPU.Build.0 = Release|Any CPU
		{D8AE3A36-CF7A-41E1-9404-CC5BD5215256}.Debug|Any CPU.ActiveCfg = Debug|Any CPU
		{D8AE3A36-CF7A-41E1-9404-CC5BD5215256}.Debug|Any CPU.Build.0 = Debug|Any CPU
		{D8AE3A36-CF7A-41E1-9404-CC5BD5215256}.Release|Any CPU.ActiveCfg = Release|Any CPU
		{D8AE3A36-CF7A-41E1-9404-CC5BD5215256}.Release|Any CPU.Build.0 = Release|Any CPU
	EndGlobalSection
	GlobalSection(SolutionProperties) = preSolution
		HideSolutionNode = FALSE
	EndGlobalSection
	GlobalSection(NestedProjects) = preSolution
		{F6B425ED-D6CD-42F1-B18E-8DC37572DD1A} = {36F33F72-ACE4-4CFA-BB18-94D4D3CC39B2}
		{CE34ECA3-1B17-42F9-9D3F-0707564A9994} = {F428B2A2-8831-4AA8-80B4-556D1E627B06}
		{7164B509-27E7-476A-BBF7-A766DFF893AD} = {F8901761-63B1-44F9-AB3C-D5C162F492FA}
		{ACC894E9-7E1C-4FDA-A1D1-C43CEE730654} = {C225973C-C2F1-4D8E-BA2F-8307C39FD9FC}
		{DB28B8CD-CBF0-49FB-B7B3-280F99DEDE4B} = {20F1E887-62F9-440E-9DB2-87CD9C8107E7}
		{F9BE047F-8F3A-42BC-974D-3D2D6976F8DC} = {09CCAD94-CCB0-4815-9002-41CCFE9AC765}
		{B449F30E-58C0-44FD-84EA-03B4B7D172DE} = {FF802951-AEDB-4542-B218-CD3537523752}
		{58BF84D3-678C-4BAC-90BD-C58A79E881B0} = {6888FFFE-98C1-410D-84F6-ABAD5D2E18EB}
		{2DBA4E43-6144-45A6-868D-0E5574CAB881} = {B1656AA3-8859-4C66-9B08-8C890FF007CB}
		{130F19F2-13C4-4A99-8A19-EB859F9C8587} = {BD569062-E760-495C-8DDB-DE97C6BF1DEC}
		{2E92AD60-43EC-41CA-A54D-EE94D06A3FE1} = {998ECA0A-CC8D-42B5-9968-CC254AD3A2DF}
		{D9E0300D-EA62-4212-9BA8-DC033A70CFE3} = {D7BA13DF-E307-4C2F-BBEE-533D9ABE9F7F}
		{E51F9AF6-8F7C-4180-ADF6-F8B054AD4C26} = {650AC675-570D-4F0A-91AD-15B8DB18F896}
		{C069194C-D1FE-43B4-914D-E27ABAE50D2E} = {81EBE9A6-66E7-4828-9DA9-0E16F4D43EBF}
		{5EFCE8C6-A003-4018-BB57-81D2968AD3B5} = {F3A1376F-C7AE-4926-8D20-F0FBA2424D8F}
		{2DF001FB-45C7-4B45-BF4A-9A0455E5B207} = {BD89E36B-EA30-4E63-92C2-61311D5E8A54}
		{81747AC8-252F-4B9F-91A8-5A03993F180A} = {EB92B857-80E8-4AB0-A58C-2101C3D625E9}
		{1E6754D6-1AB8-4202-A0D4-52BF5739D3BF} = {033407F7-68FB-4653-82DE-35E7C61861D5}
		{8E667603-D905-4723-AC99-1A055BD52835} = {D27526FA-99EE-4BCE-9F39-7021C8AF7B52}
		{B9F069E4-6B37-4159-84D1-177DB805F6B1} = {81F301FE-A0D9-4BBE-B490-9F8D2506AD9B}
		{2A1EC618-A09B-42EF-A013-46D6FA6FDDA3} = {8281FACB-58AB-4326-8DE6-F61F7EE44D92}
		{712899C7-3DAD-4D05-8CC3-542AC19281D3} = {65500F5E-1705-4809-AD38-7A9062B66C40}
		{75414B64-33CC-40B1-8591-AA8913A54C3F} = {2D8AFC82-C2D5-4DA1-A17F-934848E6CA1F}
		{A5756EE8-39D0-4738-B5F5-505498C7FCB5} = {8AE91961-7B4E-4607-9B3D-8A792040738B}
		{385A0ABB-BA6B-47B5-ADA6-B3440CBEEB90} = {FDD3B44C-D50E-4258-A069-B178C17EA9BB}
		{9BB6DAF6-AF87-4C50-8955-2DDAE1D1216D} = {75DFBBE4-A519-4E12-B6BC-759B7D4ADB33}
		{C6E82CD6-6DA1-42A4-8EF1-53E6B761C5FB} = {DB1F2481-B7F4-4342-BA7D-7A5FAF505646}
		{73BB7D53-B0AA-4FE3-BABE-93DBDAE3E904} = {D64358DC-AFB8-4484-96E8-290F6C01F324}
		{B30BBE0C-2758-439D-80BE-2011BB6D79FA} = {02EA681E-C7D8-13C7-8484-4AC65E1B71E8}
		{C8D1B5A0-703A-4A83-A25F-22999813E60A} = {37987382-7282-4344-9743-934713E1F910}
		{445D0B65-FF9C-41E2-86FF-CFBB5C3660AA} = {4CB5C5F1-C889-475F-817A-71544F1EC3FA}
		{EFCF84DE-D9B0-4ED3-9419-08A9BDF72719} = {EB597A78-BA12-4C9A-AEA5-877CE6A3A26F}
		{A21037CD-417D-498B-B918-E872F4A7CD2C} = {E2670F25-7F56-491B-8BD7-533B5E7B531E}
		{667C48A3-430F-4F90-9BBD-C401EAA7C311} = {CC81D2C7-92C7-4B16-9C21-8FF1D6FC4D9E}
		{F06D0A71-38E0-4B04-84C7-27052ACC4F09} = {5F848497-C927-44A0-852F-204303A89232}
		{E8884AFC-27C6-4B53-9B0A-87E1085C68E8} = {BFE71D53-87C1-4708-B0D2-8F74A2598103}
		{D8AE3A36-CF7A-41E1-9404-CC5BD5215256} = {43F29B99-8AFF-4DDD-BC97-9AB9182946FD}
	EndGlobalSection
	GlobalSection(ExtensibilityGlobals) = postSolution
		SolutionGuid = {F98009D6-9FCA-4B0F-8A99-634F580E4DF7}
	EndGlobalSection
EndGlobal
